
Microsoft Visual Studio Solution File, Format Version 12.00
# Visual Studio Version 16
VisualStudioVersion = 16.0.29613.14
MinimumVisualStudioVersion = 10.0.40219.1
Project("{FAE04EC0-301F-11D3-BF4B-00C04F79EFBC}") = "Sakura.Tools.Aoe2FontGenerator", "Sakura.Tools.Aoe2FontGenerator\Sakura.Tools.Aoe2FontGenerator.csproj", "{8259FC07-7546-4D68-B6DB-271C12855C20}"
EndProject
Global
	GlobalSection(SolutionConfigurationPlatforms) = preSolution
		Debug|Any CPU = Debug|Any CPU
		Release|Any CPU = Release|Any CPU
	EndGlobalSection
	GlobalSection(ProjectConfigurationPlatforms) = postSolution
		{8259FC07-7546-4D68-B6DB-271C12855C20}.Debug|Any CPU.ActiveCfg = Debug|Any CPU
		{8259FC07-7546-4D68-B6DB-271C12855C20}.Debug|Any CPU.Build.0 = Debug|Any CPU
		{8259FC07-7546-4D68-B6DB-271C12855C20}.Release|Any CPU.ActiveCfg = Release|Any CPU
		{8259FC07-7546-4D68-B6DB-271C12855C20}.Release|Any CPU.Build.0 = Release|Any CPU
	EndGlobalSection
	GlobalSection(SolutionProperties) = preSolution
		HideSolutionNode = FALSE
	EndGlobalSection
	GlobalSection(ExtensibilityGlobals) = postSolution
		SolutionGuid = {94ED3DF1-8341-4217-9F1B-D517D7D7FFC7}
	EndGlobalSection
EndGlobal
